
Microsoft Visual Studio Solution File, Format Version 12.00
# Visual Studio Version 16
VisualStudioVersion = 16.0.30225.117
MinimumVisualStudioVersion = 10.0.40219.1
Project("{FAE04EC0-301F-11D3-BF4B-00C04F79EFBC}") = "FortniteAPI-Bot", "FortniteAPI-Bot\FortniteAPI-Bot.csproj", "{798E11BA-9168-4A0A-9E0E-0AAA4A63D4B6}"
EndProject
Global
	GlobalSection(SolutionConfigurationPlatforms) = preSolution
		Debug|Any CPU = Debug|Any CPU
		Release|Any CPU = Release|Any CPU
	EndGlobalSection
	GlobalSection(ProjectConfigurationPlatforms) = postSolution
		{798E11BA-9168-4A0A-9E0E-0AAA4A63D4B6}.Debug|Any CPU.ActiveCfg = Debug|Any CPU
		{798E11BA-9168-4A0A-9E0E-0AAA4A63D4B6}.Debug|Any CPU.Build.0 = Debug|Any CPU
		{798E11BA-9168-4A0A-9E0E-0AAA4A63D4B6}.Release|Any CPU.ActiveCfg = Release|Any CPU
		{798E11BA-9168-4A0A-9E0E-0AAA4A63D4B6}.Release|Any CPU.Build.0 = Release|Any CPU
	EndGlobalSection
	GlobalSection(SolutionProperties) = preSolution
		HideSolutionNode = FALSE
	EndGlobalSection
	GlobalSection(ExtensibilityGlobals) = postSolution
		SolutionGuid = {4D1E4C56-9CE2-483F-8649-7AC11B0F57CC}
	EndGlobalSection
EndGlobal
